// !$*UTF8*$!
{
	archiveVersion = 1;
	classes = {
	};
	objectVersion = 42;
	objects = {

/* Begin PBXBuildFile section */
		141C99D61CE9DDE8002DAC07 /* SmartTouchpadFeatures.cpp in Sources */ = {isa = PBXBuildFile; fileRef = 141C99D41CE9DDE8002DAC07 /* SmartTouchpadFeatures.cpp */; settings = {COMPILER_FLAGS = ""; }; };
		141C99D71CE9DDE8002DAC07 /* SmartTouchpadFeatures.h in Headers */ = {isa = PBXBuildFile; fileRef = 141C99D51CE9DDE8002DAC07 /* SmartTouchpadFeatures.h */; };
		1469B0F31D6598C000A04A74 /* PlistInjectPrefixHeader.pch in Headers */ = {isa = PBXBuildFile; fileRef = 1469B0F21D6598C000A04A74 /* PlistInjectPrefixHeader.pch */; };
		149E47791CE8C6AC00CFA9D5 /* PS2Interface.cpp in Sources */ = {isa = PBXBuildFile; fileRef = 149E47771CE8C6AC00CFA9D5 /* PS2Interface.cpp */; settings = {COMPILER_FLAGS = ""; }; };
		149E477A1CE8C6AC00CFA9D5 /* PS2Interface.h in Headers */ = {isa = PBXBuildFile; fileRef = 149E47781CE8C6AC00CFA9D5 /* PS2Interface.h */; };
		14B2A3B41D65AD5B009EFD8D /* Features Documentation.rtfd in Resources */ = {isa = PBXBuildFile; fileRef = 14B2A3B31D65AD5B009EFD8D /* Features Documentation.rtfd */; };
		14DE04661B47D910007CEBF4 /* ApplePS2SmartTouchPad.h in Headers */ = {isa = PBXBuildFile; fileRef = 14DE04651B47D910007CEBF4 /* ApplePS2SmartTouchPad.h */; };
		14DE04681B47D910007CEBF4 /* ApplePS2SmartTouchPad.cpp in Sources */ = {isa = PBXBuildFile; fileRef = 14DE04671B47D910007CEBF4 /* ApplePS2SmartTouchPad.cpp */; settings = {COMPILER_FLAGS = ""; }; };
		14DE04781B47D921007CEBF4 /* ApplePS2Controller.h in Headers */ = {isa = PBXBuildFile; fileRef = 14DE04771B47D921007CEBF4 /* ApplePS2Controller.h */; };
		14DE047A1B47D921007CEBF4 /* ApplePS2Controller.cpp in Sources */ = {isa = PBXBuildFile; fileRef = 14DE04791B47D921007CEBF4 /* ApplePS2Controller.cpp */; settings = {COMPILER_FLAGS = ""; }; };
		14DE04881B47D949007CEBF4 /* ApplePS2Keyboard.h in Headers */ = {isa = PBXBuildFile; fileRef = 14DE04871B47D949007CEBF4 /* ApplePS2Keyboard.h */; };
		14DE048A1B47D949007CEBF4 /* ApplePS2Keyboard.cpp in Sources */ = {isa = PBXBuildFile; fileRef = 14DE04891B47D949007CEBF4 /* ApplePS2Keyboard.cpp */; settings = {COMPILER_FLAGS = ""; }; };
		14DE048F1B47DA2E007CEBF4 /* ApplePS2Controller.kext in CopyFiles */ = {isa = PBXBuildFile; fileRef = 14DE04731B47D921007CEBF4 /* ApplePS2Controller.kext */; settings = {ATTRIBUTES = (RemoveHeadersOnCopy, ); }; };
		14DE04901B47DA33007CEBF4 /* ApplePS2Keyboard.kext in CopyFiles */ = {isa = PBXBuildFile; fileRef = 14DE04831B47D949007CEBF4 /* ApplePS2Keyboard.kext */; settings = {ATTRIBUTES = (RemoveHeadersOnCopy, ); }; };
		14DE049A1B47DC6A007CEBF4 /* ApplePS2Device.h in Headers */ = {isa = PBXBuildFile; fileRef = 14DE04931B47DC6A007CEBF4 /* ApplePS2Device.h */; };
		14DE049B1B47DC6A007CEBF4 /* ApplePS2KeyboardDevice.cpp in Sources */ = {isa = PBXBuildFile; fileRef = 14DE04941B47DC6A007CEBF4 /* ApplePS2KeyboardDevice.cpp */; settings = {COMPILER_FLAGS = ""; }; };
		14DE049C1B47DC6A007CEBF4 /* ApplePS2KeyboardDevice.h in Headers */ = {isa = PBXBuildFile; fileRef = 14DE04951B47DC6A007CEBF4 /* ApplePS2KeyboardDevice.h */; };
		14DE049D1B47DC6A007CEBF4 /* ApplePS2MouseDevice.cpp in Sources */ = {isa = PBXBuildFile; fileRef = 14DE04961B47DC6A007CEBF4 /* ApplePS2MouseDevice.cpp */; settings = {COMPILER_FLAGS = ""; }; };
		14DE049E1B47DC6A007CEBF4 /* ApplePS2MouseDevice.h in Headers */ = {isa = PBXBuildFile; fileRef = 14DE04971B47DC6A007CEBF4 /* ApplePS2MouseDevice.h */; };
		14DE04A01B47DE50007CEBF4 /* ApplePS2ToADBMap.h in Headers */ = {isa = PBXBuildFile; fileRef = 14DE049F1B47DE50007CEBF4 /* ApplePS2ToADBMap.h */; };
		14DE04A51B47DE7C007CEBF4 /* ELAN.h in Headers */ = {isa = PBXBuildFile; fileRef = 14DE04A11B47DE7C007CEBF4 /* ELAN.h */; };
		14DE04A61B47DE7C007CEBF4 /* FocalTech.h in Headers */ = {isa = PBXBuildFile; fileRef = 14DE04A21B47DE7C007CEBF4 /* FocalTech.h */; };
		14DE04A71B47DE7C007CEBF4 /* Synaptics documentation.rtfd in Resources */ = {isa = PBXBuildFile; fileRef = 14DE04A31B47DE7C007CEBF4 /* Synaptics documentation.rtfd */; };
		14DE04A81B47DE7C007CEBF4 /* Synaptics.h in Headers */ = {isa = PBXBuildFile; fileRef = 14DE04A41B47DE7C007CEBF4 /* Synaptics.h */; };
		41347F4B3000F92900AF6A81 /* AppleACPIPS2Nub.cpp in Sources */ = {isa = PBXBuildFile; fileRef = 41347F4A3000F92900AF6A81 /* AppleACPIPS2Nub.cpp */; };
		41347F4D3000F93700AF6A81 /* AppleACPIPS2Nub.h in Headers */ = {isa = PBXBuildFile; fileRef = 41347F4C3000F93700AF6A81 /* AppleACPIPS2Nub.h */; };
/* End PBXBuildFile section */

/* Begin PBXCopyFilesBuildPhase section */
		14DE048E1B47DA1B007CEBF4 /* CopyFiles */ = {
			isa = PBXCopyFilesBuildPhase;
			buildActionMask = 2147483647;
			dstPath = "";
			dstSubfolderSpec = 13;
			files = (
				14DE04901B47DA33007CEBF4 /* ApplePS2Keyboard.kext in CopyFiles */,
				14DE048F1B47DA2E007CEBF4 /* ApplePS2Controller.kext in CopyFiles */,
			);
			runOnlyForDeploymentPostprocessing = 0;
		};
/* End PBXCopyFilesBuildPhase section */

/* Begin PBXFileReference section */
		141C99D41CE9DDE8002DAC07 /* SmartTouchpadFeatures.cpp */ = {isa = PBXFileReference; fileEncoding = 4; lastKnownFileType = sourcecode.cpp.cpp; path = SmartTouchpadFeatures.cpp; sourceTree = "<group>"; };
		141C99D51CE9DDE8002DAC07 /* SmartTouchpadFeatures.h */ = {isa = PBXFileReference; fileEncoding = 4; lastKnownFileType = sourcecode.c.h; path = SmartTouchpadFeatures.h; sourceTree = "<group>"; };
		1469B0F21D6598C000A04A74 /* PlistInjectPrefixHeader.pch */ = {isa = PBXFileReference; fileEncoding = 4; lastKnownFileType = sourcecode.c.h; path = PlistInjectPrefixHeader.pch; sourceTree = "<group>"; };
		149E47771CE8C6AC00CFA9D5 /* PS2Interface.cpp */ = {isa = PBXFileReference; fileEncoding = 4; lastKnownFileType = sourcecode.cpp.cpp; path = PS2Interface.cpp; sourceTree = "<group>"; };
		149E47781CE8C6AC00CFA9D5 /* PS2Interface.h */ = {isa = PBXFileReference; fileEncoding = 4; lastKnownFileType = sourcecode.c.h; path = PS2Interface.h; sourceTree = "<group>"; };
		14B2A3B31D65AD5B009EFD8D /* Features Documentation.rtfd */ = {isa = PBXFileReference; fileEncoding = 4; lastKnownFileType = wrapper.rtfd; path = "Features Documentation.rtfd"; sourceTree = "<group>"; };
		14DE04601B47D910007CEBF4 /* ApplePS2SmartTouchPad.kext */ = {isa = PBXFileReference; explicitFileType = wrapper.cfbundle; includeInIndex = 0; path = ApplePS2SmartTouchPad.kext; sourceTree = BUILT_PRODUCTS_DIR; };
		14DE04641B47D910007CEBF4 /* Info.plist */ = {isa = PBXFileReference; lastKnownFileType = text.xml; path = Info.plist; sourceTree = "<group>"; };
		14DE04651B47D910007CEBF4 /* ApplePS2SmartTouchPad.h */ = {isa = PBXFileReference; lastKnownFileType = sourcecode.c.h; path = ApplePS2SmartTouchPad.h; sourceTree = "<group>"; };
		14DE04671B47D910007CEBF4 /* ApplePS2SmartTouchPad.cpp */ = {isa = PBXFileReference; lastKnownFileType = sourcecode.cpp.cpp; path = ApplePS2SmartTouchPad.cpp; sourceTree = "<group>"; };
		14DE04731B47D921007CEBF4 /* ApplePS2Controller.kext */ = {isa = PBXFileReference; explicitFileType = wrapper.cfbundle; includeInIndex = 0; path = ApplePS2Controller.kext; sourceTree = BUILT_PRODUCTS_DIR; };
		14DE04761B47D921007CEBF4 /* Info.plist */ = {isa = PBXFileReference; lastKnownFileType = text.xml; path = Info.plist; sourceTree = "<group>"; };
		14DE04771B47D921007CEBF4 /* ApplePS2Controller.h */ = {isa = PBXFileReference; lastKnownFileType = sourcecode.c.h; path = ApplePS2Controller.h; sourceTree = "<group>"; };
		14DE04791B47D921007CEBF4 /* ApplePS2Controller.cpp */ = {isa = PBXFileReference; lastKnownFileType = sourcecode.cpp.cpp; path = ApplePS2Controller.cpp; sourceTree = "<group>"; };
		14DE04831B47D949007CEBF4 /* ApplePS2Keyboard.kext */ = {isa = PBXFileReference; explicitFileType = wrapper.cfbundle; includeInIndex = 0; path = ApplePS2Keyboard.kext; sourceTree = BUILT_PRODUCTS_DIR; };
		14DE04861B47D949007CEBF4 /* Info.plist */ = {isa = PBXFileReference; lastKnownFileType = text.xml; path = Info.plist; sourceTree = "<group>"; };
		14DE04871B47D949007CEBF4 /* ApplePS2Keyboard.h */ = {isa = PBXFileReference; lastKnownFileType = sourcecode.c.h; path = ApplePS2Keyboard.h; sourceTree = "<group>"; };
		14DE04891B47D949007CEBF4 /* ApplePS2Keyboard.cpp */ = {isa = PBXFileReference; lastKnownFileType = sourcecode.cpp.cpp; path = ApplePS2Keyboard.cpp; sourceTree = "<group>"; };
		14DE04931B47DC6A007CEBF4 /* ApplePS2Device.h */ = {isa = PBXFileReference; fileEncoding = 4; lastKnownFileType = sourcecode.c.h; path = ApplePS2Device.h; sourceTree = "<group>"; };
		14DE04941B47DC6A007CEBF4 /* ApplePS2KeyboardDevice.cpp */ = {isa = PBXFileReference; fileEncoding = 4; lastKnownFileType = sourcecode.cpp.cpp; path = ApplePS2KeyboardDevice.cpp; sourceTree = "<group>"; };
		14DE04951B47DC6A007CEBF4 /* ApplePS2KeyboardDevice.h */ = {isa = PBXFileReference; fileEncoding = 4; lastKnownFileType = sourcecode.c.h; path = ApplePS2KeyboardDevice.h; sourceTree = "<group>"; };
		14DE04961B47DC6A007CEBF4 /* ApplePS2MouseDevice.cpp */ = {isa = PBXFileReference; fileEncoding = 4; lastKnownFileType = sourcecode.cpp.cpp; path = ApplePS2MouseDevice.cpp; sourceTree = "<group>"; };
		14DE04971B47DC6A007CEBF4 /* ApplePS2MouseDevice.h */ = {isa = PBXFileReference; fileEncoding = 4; lastKnownFileType = sourcecode.c.h; path = ApplePS2MouseDevice.h; sourceTree = "<group>"; };
		14DE049F1B47DE50007CEBF4 /* ApplePS2ToADBMap.h */ = {isa = PBXFileReference; fileEncoding = 4; lastKnownFileType = sourcecode.c.h; path = ApplePS2ToADBMap.h; sourceTree = "<group>"; };
		14DE04A11B47DE7C007CEBF4 /* ELAN.h */ = {isa = PBXFileReference; fileEncoding = 4; lastKnownFileType = sourcecode.c.h; path = ELAN.h; sourceTree = "<group>"; };
		14DE04A21B47DE7C007CEBF4 /* FocalTech.h */ = {isa = PBXFileReference; fileEncoding = 4; lastKnownFileType = sourcecode.c.h; path = FocalTech.h; sourceTree = "<group>"; };
		14DE04A31B47DE7C007CEBF4 /* Synaptics documentation.rtfd */ = {isa = PBXFileReference; lastKnownFileType = wrapper.rtfd; name = "Synaptics documentation.rtfd"; path = "ApplePS2SmartTouchPad/Synaptics documentation.rtfd"; sourceTree = "<group>"; };
		14DE04A41B47DE7C007CEBF4 /* Synaptics.h */ = {isa = PBXFileReference; fileEncoding = 4; lastKnownFileType = sourcecode.c.h; path = Synaptics.h; sourceTree = "<group>"; };
		41347F4A3000F92900AF6A81 /* AppleACPIPS2Nub.cpp */ = {isa = PBXFileReference; fileEncoding = 30; lastKnownFileType = sourcecode.cpp.cpp; path = AppleACPIPS2Nub.cpp; sourceTree = "<group>"; };
		41347F4C3000F93700AF6A81 /* AppleACPIPS2Nub.h */ = {isa = PBXFileReference; fileEncoding = 30; lastKnownFileType = sourcecode.c.h; path = AppleACPIPS2Nub.h; sourceTree = "<group>"; };
/* End PBXFileReference section */

/* Begin PBXFrameworksBuildPhase section */
		14DE045C1B47D910007CEBF4 /* Frameworks */ = {
			isa = PBXFrameworksBuildPhase;
			buildActionMask = 2147483647;
			files = (
			);
			runOnlyForDeploymentPostprocessing = 0;
		};
		14DE046F1B47D921007CEBF4 /* Frameworks */ = {
			isa = PBXFrameworksBuildPhase;
			buildActionMask = 2147483647;
			files = (
			);
			runOnlyForDeploymentPostprocessing = 0;
		};
		14DE047F1B47D949007CEBF4 /* Frameworks */ = {
			isa = PBXFrameworksBuildPhase;
			buildActionMask = 2147483647;
			files = (
			);
			runOnlyForDeploymentPostprocessing = 0;
		};
/* End PBXFrameworksBuildPhase section */

/* Begin PBXGroup section */
		1469B0F11D65989500A04A74 /* Share */ = {
			isa = PBXGroup;
			children = (
				1469B0F21D6598C000A04A74 /* PlistInjectPrefixHeader.pch */,
			);
			name = Share;
			sourceTree = "<group>";
		};
		14DE04561B47D910007CEBF4 = {
			isa = PBXGroup;
			children = (
				1469B0F11D65989500A04A74 /* Share */,
				14DE04A91B47DE8D007CEBF4 /* Documentation */,
				14DE04621B47D910007CEBF4 /* ApplePS2SmartTouchPad */,
				14DE04741B47D921007CEBF4 /* ApplePS2Controller */,
				14DE04841B47D949007CEBF4 /* ApplePS2Keyboard */,
				14DE04611B47D910007CEBF4 /* Products */,
			);
			sourceTree = "<group>";
		};
		14DE04611B47D910007CEBF4 /* Products */ = {
			isa = PBXGroup;
			children = (
				14DE04601B47D910007CEBF4 /* ApplePS2SmartTouchPad.kext */,
				14DE04731B47D921007CEBF4 /* ApplePS2Controller.kext */,
				14DE04831B47D949007CEBF4 /* ApplePS2Keyboard.kext */,
			);
			name = Products;
			sourceTree = "<group>";
		};
		14DE04621B47D910007CEBF4 /* ApplePS2SmartTouchPad */ = {
			isa = PBXGroup;
			children = (
				14DE04A11B47DE7C007CEBF4 /* ELAN.h */,
				14DE04A21B47DE7C007CEBF4 /* FocalTech.h */,
				14DE04A41B47DE7C007CEBF4 /* Synaptics.h */,
				14DE04651B47D910007CEBF4 /* ApplePS2SmartTouchPad.h */,
				14DE04671B47D910007CEBF4 /* ApplePS2SmartTouchPad.cpp */,
				14DE04631B47D910007CEBF4 /* Supporting Files */,
				149E47771CE8C6AC00CFA9D5 /* PS2Interface.cpp */,
				149E47781CE8C6AC00CFA9D5 /* PS2Interface.h */,
				141C99D41CE9DDE8002DAC07 /* SmartTouchpadFeatures.cpp */,
				141C99D51CE9DDE8002DAC07 /* SmartTouchpadFeatures.h */,
			);
			path = ApplePS2SmartTouchPad;
			sourceTree = "<group>";
		};
		14DE04631B47D910007CEBF4 /* Supporting Files */ = {
			isa = PBXGroup;
			children = (
				14DE04641B47D910007CEBF4 /* Info.plist */,
			);
			name = "Supporting Files";
			sourceTree = "<group>";
		};
		14DE04741B47D921007CEBF4 /* ApplePS2Controller */ = {
			isa = PBXGroup;
			children = (
				41347F4C3000F93700AF6A81 /* AppleACPIPS2Nub.h */,
				41347F4A3000F92900AF6A81 /* AppleACPIPS2Nub.cpp */,
				14DE04931B47DC6A007CEBF4 /* ApplePS2Device.h */,
				14DE04941B47DC6A007CEBF4 /* ApplePS2KeyboardDevice.cpp */,
				14DE04951B47DC6A007CEBF4 /* ApplePS2KeyboardDevice.h */,
				14DE04961B47DC6A007CEBF4 /* ApplePS2MouseDevice.cpp */,
				14DE04971B47DC6A007CEBF4 /* ApplePS2MouseDevice.h */,
				14DE04771B47D921007CEBF4 /* ApplePS2Controller.h */,
				14DE04791B47D921007CEBF4 /* ApplePS2Controller.cpp */,
				14DE04751B47D921007CEBF4 /* Supporting Files */,
			);
			path = ApplePS2Controller;
			sourceTree = "<group>";
		};
		14DE04751B47D921007CEBF4 /* Supporting Files */ = {
			isa = PBXGroup;
			children = (
				14DE04761B47D921007CEBF4 /* Info.plist */,
			);
			name = "Supporting Files";
			sourceTree = "<group>";
		};
		14DE04841B47D949007CEBF4 /* ApplePS2Keyboard */ = {
			isa = PBXGroup;
			children = (
				14DE04871B47D949007CEBF4 /* ApplePS2Keyboard.h */,
				14DE049F1B47DE50007CEBF4 /* ApplePS2ToADBMap.h */,
				14DE04891B47D949007CEBF4 /* ApplePS2Keyboard.cpp */,
				14DE04851B47D949007CEBF4 /* Supporting Files */,
			);
			path = ApplePS2Keyboard;
			sourceTree = "<group>";
		};
		14DE04851B47D949007CEBF4 /* Supporting Files */ = {
			isa = PBXGroup;
			children = (
				14DE04861B47D949007CEBF4 /* Info.plist */,
			);
			name = "Supporting Files";
			sourceTree = "<group>";
		};
		14DE04A91B47DE8D007CEBF4 /* Documentation */ = {
			isa = PBXGroup;
			children = (
				14DE04A31B47DE7C007CEBF4 /* Synaptics documentation.rtfd */,
				14B2A3B31D65AD5B009EFD8D /* Features Documentation.rtfd */,
			);
			name = Documentation;
			sourceTree = "<group>";
		};
/* End PBXGroup section */

/* Begin PBXHeadersBuildPhase section */
		14DE045D1B47D910007CEBF4 /* Headers */ = {
			isa = PBXHeadersBuildPhase;
			buildActionMask = 2147483647;
			files = (
				14DE04A61B47DE7C007CEBF4 /* FocalTech.h in Headers */,
				14DE04A51B47DE7C007CEBF4 /* ELAN.h in Headers */,
				1469B0F31D6598C000A04A74 /* PlistInjectPrefixHeader.pch in Headers */,
				14DE04661B47D910007CEBF4 /* ApplePS2SmartTouchPad.h in Headers */,
				141C99D71CE9DDE8002DAC07 /* SmartTouchpadFeatures.h in Headers */,
				149E477A1CE8C6AC00CFA9D5 /* PS2Interface.h in Headers */,
				14DE04A81B47DE7C007CEBF4 /* Synaptics.h in Headers */,
			);
			runOnlyForDeploymentPostprocessing = 0;
		};
		14DE04701B47D921007CEBF4 /* Headers */ = {
			isa = PBXHeadersBuildPhase;
			buildActionMask = 2147483647;
			files = (
				14DE049A1B47DC6A007CEBF4 /* ApplePS2Device.h in Headers */,
				14DE049E1B47DC6A007CEBF4 /* ApplePS2MouseDevice.h in Headers */,
				14DE049C1B47DC6A007CEBF4 /* ApplePS2KeyboardDevice.h in Headers */,
				14DE04781B47D921007CEBF4 /* ApplePS2Controller.h in Headers */,
				41347F4D3000F93700AF6A81 /* AppleACPIPS2Nub.h in Headers */,
			);
			runOnlyForDeploymentPostprocessing = 0;
		};
		14DE04801B47D949007CEBF4 /* Headers */ = {
			isa = PBXHeadersBuildPhase;
			buildActionMask = 2147483647;
			files = (
				14DE04881B47D949007CEBF4 /* ApplePS2Keyboard.h in Headers */,
				14DE04A01B47DE50007CEBF4 /* ApplePS2ToADBMap.h in Headers */,
			);
			runOnlyForDeploymentPostprocessing = 0;
		};
/* End PBXHeadersBuildPhase section */

/* Begin PBXNativeTarget section */
		14DE045F1B47D910007CEBF4 /* ApplePS2SmartTouchPad */ = {
			isa = PBXNativeTarget;
			buildConfigurationList = 14DE046B1B47D910007CEBF4 /* Build configuration list for PBXNativeTarget "ApplePS2SmartTouchPad" */;
			buildPhases = (
				14DE045B1B47D910007CEBF4 /* Sources */,
				14DE045C1B47D910007CEBF4 /* Frameworks */,
				14DE045D1B47D910007CEBF4 /* Headers */,
				14DE045E1B47D910007CEBF4 /* Resources */,
				14DE048E1B47DA1B007CEBF4 /* CopyFiles */,
			);
			buildRules = (
			);
			dependencies = (
			);
			name = ApplePS2SmartTouchPad;
			productName = ApplePS2SmartTouchPad;
			productReference = 14DE04601B47D910007CEBF4 /* ApplePS2SmartTouchPad.kext */;
			productType = "com.apple.product-type.kernel-extension";
		};
		14DE04721B47D921007CEBF4 /* ApplePS2Controller */ = {
			isa = PBXNativeTarget;
			buildConfigurationList = 14DE047B1B47D922007CEBF4 /* Build configuration list for PBXNativeTarget "ApplePS2Controller" */;
			buildPhases = (
				14DE046E1B47D921007CEBF4 /* Sources */,
				14DE046F1B47D921007CEBF4 /* Frameworks */,
				14DE04701B47D921007CEBF4 /* Headers */,
				14DE04711B47D921007CEBF4 /* Resources */,
			);
			buildRules = (
			);
			dependencies = (
			);
			name = ApplePS2Controller;
			productName = ApplePS2Controller;
			productReference = 14DE04731B47D921007CEBF4 /* ApplePS2Controller.kext */;
			productType = "com.apple.product-type.kernel-extension";
		};
		14DE04821B47D949007CEBF4 /* ApplePS2Keyboard */ = {
			isa = PBXNativeTarget;
			buildConfigurationList = 14DE048B1B47D949007CEBF4 /* Build configuration list for PBXNativeTarget "ApplePS2Keyboard" */;
			buildPhases = (
				14DE047E1B47D949007CEBF4 /* Sources */,
				14DE047F1B47D949007CEBF4 /* Frameworks */,
				14DE04801B47D949007CEBF4 /* Headers */,
				14DE04811B47D949007CEBF4 /* Resources */,
			);
			buildRules = (
			);
			dependencies = (
			);
			name = ApplePS2Keyboard;
			productName = ApplePS2Keyboard;
			productReference = 14DE04831B47D949007CEBF4 /* ApplePS2Keyboard.kext */;
			productType = "com.apple.product-type.kernel-extension";
		};
/* End PBXNativeTarget section */

/* Begin PBXProject section */
		14DE04571B47D910007CEBF4 /* Project object */ = {
			isa = PBXProject;
			attributes = {
				LastUpgradeCheck = 0610;
				ORGANIZATIONNAME = EMlyDinEsH;
				TargetAttributes = {
					14DE045F1B47D910007CEBF4 = {
						CreatedOnToolsVersion = 6.1.1;
					};
					14DE04721B47D921007CEBF4 = {
						CreatedOnToolsVersion = 6.1.1;
					};
					14DE04821B47D949007CEBF4 = {
						CreatedOnToolsVersion = 6.1.1;
					};
				};
			};
			buildConfigurationList = 14DE045A1B47D910007CEBF4 /* Build configuration list for PBXProject "ApplePS2SmartTouchPad" */;
			compatibilityVersion = "Xcode 3.1";
			hasScannedForEncodings = 0;
			knownRegions = (
				en,
			);
			mainGroup = 14DE04561B47D910007CEBF4;
			productRefGroup = 14DE04611B47D910007CEBF4 /* Products */;
			projectDirPath = "";
			projectRoot = "";
			targets = (
				14DE045F1B47D910007CEBF4 /* ApplePS2SmartTouchPad */,
				14DE04721B47D921007CEBF4 /* ApplePS2Controller */,
				14DE04821B47D949007CEBF4 /* ApplePS2Keyboard */,
			);
		};
/* End PBXProject section */

/* Begin PBXResourcesBuildPhase section */
		14DE045E1B47D910007CEBF4 /* Resources */ = {
			isa = PBXResourcesBuildPhase;
			buildActionMask = 2147483647;
			files = (
				14DE04A71B47DE7C007CEBF4 /* Synaptics documentation.rtfd in Resources */,
				14B2A3B41D65AD5B009EFD8D /* Features Documentation.rtfd in Resources */,
			);
			runOnlyForDeploymentPostprocessing = 0;
		};
		14DE04711B47D921007CEBF4 /* Resources */ = {
			isa = PBXResourcesBuildPhase;
			buildActionMask = 2147483647;
			files = (
			);
			runOnlyForDeploymentPostprocessing = 0;
		};
		14DE04811B47D949007CEBF4 /* Resources */ = {
			isa = PBXResourcesBuildPhase;
			buildActionMask = 2147483647;
			files = (
			);
			runOnlyForDeploymentPostprocessing = 0;
		};
/* End PBXResourcesBuildPhase section */

/* Begin PBXSourcesBuildPhase section */
		14DE045B1B47D910007CEBF4 /* Sources */ = {
			isa = PBXSourcesBuildPhase;
			buildActionMask = 2147483647;
			files = (
				141C99D61CE9DDE8002DAC07 /* SmartTouchpadFeatures.cpp in Sources */,
				14DE04681B47D910007CEBF4 /* ApplePS2SmartTouchPad.cpp in Sources */,
				149E47791CE8C6AC00CFA9D5 /* PS2Interface.cpp in Sources */,
			);
			runOnlyForDeploymentPostprocessing = 0;
		};
		14DE046E1B47D921007CEBF4 /* Sources */ = {
			isa = PBXSourcesBuildPhase;
			buildActionMask = 2147483647;
			files = (
				14DE049D1B47DC6A007CEBF4 /* ApplePS2MouseDevice.cpp in Sources */,
				14DE049B1B47DC6A007CEBF4 /* ApplePS2KeyboardDevice.cpp in Sources */,
				14DE047A1B47D921007CEBF4 /* ApplePS2Controller.cpp in Sources */,
				41347F4B3000F92900AF6A81 /* AppleACPIPS2Nub.cpp in Sources */,
			);
			runOnlyForDeploymentPostprocessing = 0;
		};
		14DE047E1B47D949007CEBF4 /* Sources */ = {
			isa = PBXSourcesBuildPhase;
			buildActionMask = 2147483647;
			files = (
				14DE048A1B47D949007CEBF4 /* ApplePS2Keyboard.cpp in Sources */,
			);
			runOnlyForDeploymentPostprocessing = 0;
		};
/* End PBXSourcesBuildPhase section */

/* Begin XCBuildConfiguration section */
		14DE046A1B47D910007CEBF4 /* Release */ = {
			isa = XCBuildConfiguration;
			buildSettings = {
				ALWAYS_SEARCH_USER_PATHS = NO;
				ARCHS = "$(ARCHS_STANDARD_32_BIT)";
				CLANG_CXX_LANGUAGE_STANDARD = "gnu++0x";
				CLANG_CXX_LIBRARY = "libstdc++";
				CLANG_ENABLE_MODULES = YES;
				CLANG_ENABLE_OBJC_ARC = YES;
				CLANG_WARN_BOOL_CONVERSION = YES;
				CLANG_WARN_CONSTANT_CONVERSION = YES;
				CLANG_WARN_DIRECT_OBJC_ISA_USAGE = YES_ERROR;
				CLANG_WARN_EMPTY_BODY = YES;
				CLANG_WARN_ENUM_CONVERSION = YES;
				CLANG_WARN_INT_CONVERSION = YES;
				CLANG_WARN_OBJC_ROOT_CLASS = YES_ERROR;
				CLANG_WARN_UNREACHABLE_CODE = YES;
				CLANG_WARN__DUPLICATE_METHOD_MATCH = YES;
				COPY_PHASE_STRIP = YES;
				CURRENT_PROJECT_VERSION = 4.6.8;
				DEBUG_INFORMATION_FORMAT = "dwarf-with-dsym";
				ENABLE_NS_ASSERTIONS = NO;
				ENABLE_STRICT_OBJC_MSGSEND = YES;
				GCC_C_LANGUAGE_STANDARD = gnu99;
				GCC_ENABLE_KERNEL_DEVELOPMENT = YES;
				GCC_WARN_64_TO_32_BIT_CONVERSION = YES;
				GCC_WARN_ABOUT_RETURN_TYPE = YES_ERROR;
				GCC_WARN_UNDECLARED_SELECTOR = YES;
				GCC_WARN_UNINITIALIZED_AUTOS = YES_AGGRESSIVE;
				GCC_WARN_UNUSED_FUNCTION = YES;
				GCC_WARN_UNUSED_VARIABLE = YES;
				INFOPLIST_PREFIX_HEADER = PlistInjectPrefixHeader.pch;
				INFOPLIST_PREPROCESS = YES;
				MACOSX_DEPLOYMENT_TARGET = 10.5;
				MTL_ENABLE_DEBUG_INFO = NO;
				ONLY_ACTIVE_ARCH = YES;
				SDKROOT = /Developer/SDKs/MacOSX10.4u.sdk;
				VALID_ARCHS = i386;
			};
			name = Release;
		};
		14DE046D1B47D910007CEBF4 /* Release */ = {
			isa = XCBuildConfiguration;
			buildSettings = {
				ARCHS = i386;
				COMBINE_HIDPI_IMAGES = YES;
				CONFIGURATION_BUILD_DIR = "$(PROJECT_DIR)/build/$(CONFIGURATION)";
				CURRENT_PROJECT_VERSION = 4.6.9;
				INFOPLIST_FILE = ApplePS2SmartTouchPad/Info.plist;
				MACOSX_DEPLOYMENT_TARGET = 10.4;
				MODULE_NAME = org.emlydinesh.driver.ApplePS2SmartTouchPad;
				MODULE_VERSION = 1.0.0d1;
				OTHER_LDFLAGS = "-Wl,-no_uuid";
				PRODUCT_NAME = "$(TARGET_NAME)";
				SDKROOT = /Developer/SDKs/MacOSX10.4u.sdk;
				STRIPFLAGS = "";
				WRAPPER_EXTENSION = kext;
			};
			name = Release;
		};
		14DE047D1B47D922007CEBF4 /* Release */ = {
			isa = XCBuildConfiguration;
			buildSettings = {
				ARCHS = i386;
				COMBINE_HIDPI_IMAGES = YES;
				CONFIGURATION_BUILD_DIR = "$(PROJECT_DIR)/build/$(CONFIGURATION)";
				CURRENT_PROJECT_VERSION = 4.6.9;
				GCC_C_LANGUAGE_STANDARD = "compiler-default";
				INFOPLIST_FILE = ApplePS2Controller/Info.plist;
				MACOSX_DEPLOYMENT_TARGET = 10.4;
				MODULE_NAME = org.emlydinesh.driver.ApplePS2Controller;
				MODULE_VERSION = 1.0.0d1;
				OTHER_LDFLAGS = "-Wl,-no_uuid";
				PRODUCT_NAME = "$(TARGET_NAME)";
				SDKROOT = /Developer/SDKs/MacOSX10.4u.sdk;
				STRIPFLAGS = "";
				WRAPPER_EXTENSION = kext;
			};
			name = Release;
		};
		14DE048D1B47D949007CEBF4 /* Release */ = {
			isa = XCBuildConfiguration;
			buildSettings = {
				ARCHS = i386;
				COMBINE_HIDPI_IMAGES = YES;
				CONFIGURATION_BUILD_DIR = "$(PROJECT_DIR)/build/$(CONFIGURATION)";
				CURRENT_PROJECT_VERSION = 4.6.9;
				INFOPLIST_FILE = ApplePS2Keyboard/Info.plist;
				LINK_WITH_STANDARD_LIBRARIES = YES;
				MACOSX_DEPLOYMENT_TARGET = 10.4;
				MODULE_NAME = org.emlydinesh.driver.ApplePS2Keyboard;
				MODULE_VERSION = 1.0.0d1;
				OTHER_LDFLAGS = "-Wl,-no_uuid";
				PRODUCT_NAME = "$(TARGET_NAME)";
				SDKROOT = /Developer/SDKs/MacOSX10.4u.sdk;
				WRAPPER_EXTENSION = kext;
			};
			name = Release;
		};
/* End XCBuildConfiguration section */

/* Begin XCConfigurationList section */
		14DE045A1B47D910007CEBF4 /* Build configuration list for PBXProject "ApplePS2SmartTouchPad" */ = {
			isa = XCConfigurationList;
			buildConfigurations = (
				14DE046A1B47D910007CEBF4 /* Release */,
			);
			defaultConfigurationIsVisible = 0;
			defaultConfigurationName = Release;
		};
		14DE046B1B47D910007CEBF4 /* Build configuration list for PBXNativeTarget "ApplePS2SmartTouchPad" */ = {
			isa = XCConfigurationList;
			buildConfigurations = (
				14DE046D1B47D910007CEBF4 /* Release */,
			);
			defaultConfigurationIsVisible = 0;
			defaultConfigurationName = Release;
		};
		14DE047B1B47D922007CEBF4 /* Build configuration list for PBXNativeTarget "ApplePS2Controller" */ = {
			isa = XCConfigurationList;
			buildConfigurations = (
				14DE047D1B47D922007CEBF4 /* Release */,
			);
			defaultConfigurationIsVisible = 0;
			defaultConfigurationName = Release;
		};
		14DE048B1B47D949007CEBF4 /* Build configuration list for PBXNativeTarget "ApplePS2Keyboard" */ = {
			isa = XCConfigurationList;
			buildConfigurations = (
				14DE048D1B47D949007CEBF4 /* Release */,
			);
			defaultConfigurationIsVisible = 0;
			defaultConfigurationName = Release;
		};
/* End XCConfigurationList section */
	};
	rootObject = 14DE04571B47D910007CEBF4 /* Project object */;
}
